
Microsoft Visual Studio Solution File, Format Version 12.00
# Visual Studio Version 17
VisualStudioVersion = 17.4.33122.133
MinimumVisualStudioVersion = 10.0.40219.1
Project("{FAE04EC0-301F-11D3-BF4B-00C04F79EFBC}") = "01. Number Pyramid", "01. Number Pyramid\01. Number Pyramid.csproj", "{411BE9FB-F78B-49E7-A86E-0F01F1C5A4FD}"
EndProject
Global
	GlobalSection(SolutionConfigurationPlatforms) = preSolution
		Debug|Any CPU = Debug|Any CPU
		Release|Any CPU = Release|Any CPU
	EndGlobalSection
	GlobalSection(ProjectConfigurationPlatforms) = postSolution
		{411BE9FB-F78B-49E7-A86E-0F01F1C5A4FD}.Debug|Any CPU.ActiveCfg = Debug|Any CPU
		{411BE9FB-F78B-49E7-A86E-0F01F1C5A4FD}.Debug|Any CPU.Build.0 = Debug|Any CPU
		{411BE9FB-F78B-49E7-A86E-0F01F1C5A4FD}.Release|Any CPU.ActiveCfg = Release|Any CPU
		{411BE9FB-F78B-49E7-A86E-0F01F1C5A4FD}.Release|Any CPU.Build.0 = Release|Any CPU
	EndGlobalSection
	GlobalSection(SolutionProperties) = preSolution
		HideSolutionNode = FALSE
	EndGlobalSection
	GlobalSection(ExtensibilityGlobals) = postSolution
		SolutionGuid = {AC013A37-DF8A-4B34-BCFC-8CDD0E52B250}
	EndGlobalSection
EndGlobal
