
Microsoft Visual Studio Solution File, Format Version 12.00
# Visual Studio Version 17
VisualStudioVersion = 17.3.32825.248
MinimumVisualStudioVersion = 10.0.40219.1
Project("{FAE04EC0-301F-11D3-BF4B-00C04F79EFBC}") = "01. Numbers from 1 to 100", "01. Numbers from 1 to 100\01. Numbers from 1 to 100.csproj", "{74AD6DD3-BE76-4138-9835-D852855FCB1E}"
EndProject
Global
	GlobalSection(SolutionConfigurationPlatforms) = preSolution
		Debug|Any CPU = Debug|Any CPU
		Release|Any CPU = Release|Any CPU
	EndGlobalSection
	GlobalSection(ProjectConfigurationPlatforms) = postSolution
		{74AD6DD3-BE76-4138-9835-D852855FCB1E}.Debug|Any CPU.ActiveCfg = Debug|Any CPU
		{74AD6DD3-BE76-4138-9835-D852855FCB1E}.Debug|Any CPU.Build.0 = Debug|Any CPU
		{74AD6DD3-BE76-4138-9835-D852855FCB1E}.Release|Any CPU.ActiveCfg = Release|Any CPU
		{74AD6DD3-BE76-4138-9835-D852855FCB1E}.Release|Any CPU.Build.0 = Release|Any CPU
	EndGlobalSection
	GlobalSection(SolutionProperties) = preSolution
		HideSolutionNode = FALSE
	EndGlobalSection
	GlobalSection(ExtensibilityGlobals) = postSolution
		SolutionGuid = {0A399636-7FAA-40DD-B41C-6B683A22012A}
	EndGlobalSection
EndGlobal
