
Microsoft Visual Studio Solution File, Format Version 12.00
# Visual Studio Version 17
VisualStudioVersion = 17.3.32825.248
MinimumVisualStudioVersion = 10.0.40219.1
Project("{FAE04EC0-301F-11D3-BF4B-00C04F79EFBC}") = "01. Excellent Result", "01. Excellent Result\01. Excellent Result.csproj", "{B70D0987-7962-4DA5-B3ED-890C9A5A4FEC}"
EndProject
Global
	GlobalSection(SolutionConfigurationPlatforms) = preSolution
		Debug|Any CPU = Debug|Any CPU
		Release|Any CPU = Release|Any CPU
	EndGlobalSection
	GlobalSection(ProjectConfigurationPlatforms) = postSolution
		{B70D0987-7962-4DA5-B3ED-890C9A5A4FEC}.Debug|Any CPU.ActiveCfg = Debug|Any CPU
		{B70D0987-7962-4DA5-B3ED-890C9A5A4FEC}.Debug|Any CPU.Build.0 = Debug|Any CPU
		{B70D0987-7962-4DA5-B3ED-890C9A5A4FEC}.Release|Any CPU.ActiveCfg = Release|Any CPU
		{B70D0987-7962-4DA5-B3ED-890C9A5A4FEC}.Release|Any CPU.Build.0 = Release|Any CPU
	EndGlobalSection
	GlobalSection(SolutionProperties) = preSolution
		HideSolutionNode = FALSE
	EndGlobalSection
	GlobalSection(ExtensibilityGlobals) = postSolution
		SolutionGuid = {4DF91388-AEA8-482D-A47C-50E00A36CA83}
	EndGlobalSection
EndGlobal
