
Microsoft Visual Studio Solution File, Format Version 12.00
# Visual Studio Version 17
VisualStudioVersion = 17.3.32825.248
MinimumVisualStudioVersion = 10.0.40219.1
Project("{FAE04EC0-301F-11D3-BF4B-00C04F79EFBC}") = "01. Day of Week", "01. Day of Week\01. Day of Week.csproj", "{66C9BBCC-AD51-480C-82C1-AC7F0F4ED3E8}"
EndProject
Global
	GlobalSection(SolutionConfigurationPlatforms) = preSolution
		Debug|Any CPU = Debug|Any CPU
		Release|Any CPU = Release|Any CPU
	EndGlobalSection
	GlobalSection(ProjectConfigurationPlatforms) = postSolution
		{66C9BBCC-AD51-480C-82C1-AC7F0F4ED3E8}.Debug|Any CPU.ActiveCfg = Debug|Any CPU
		{66C9BBCC-AD51-480C-82C1-AC7F0F4ED3E8}.Debug|Any CPU.Build.0 = Debug|Any CPU
		{66C9BBCC-AD51-480C-82C1-AC7F0F4ED3E8}.Release|Any CPU.ActiveCfg = Release|Any CPU
		{66C9BBCC-AD51-480C-82C1-AC7F0F4ED3E8}.Release|Any CPU.Build.0 = Release|Any CPU
	EndGlobalSection
	GlobalSection(SolutionProperties) = preSolution
		HideSolutionNode = FALSE
	EndGlobalSection
	GlobalSection(ExtensibilityGlobals) = postSolution
		SolutionGuid = {86D28409-2D70-4761-838B-86B8C0E05FCA}
	EndGlobalSection
EndGlobal
